// !$*UTF8*$!
{
	archiveVersion = 1;
	classes = {
	};
	objectVersion = 77;
	objects = {

/* Begin PBXBuildFile section */
		2FF4914C2FA646BD00F5BAB8 /* Messages.framework in Frameworks */ = {isa = PBXBuildFile; fileRef = 2FF4914B2FA646BD00F5BAB8 /* Messages.framework */; };
		2FF491582FA646BE00F5BAB8 /* ETA-imessage-extension.appex in Embed Foundation Extensions */ = {isa = PBXBuildFile; fileRef = 2FF4914A2FA646BD00F5BAB8 /* ETA-imessage-extension.appex */; settings = {ATTRIBUTES = (RemoveHeadersOnCopy, ); }; };
		C9BE732D2F9B16F50064E1E8 /* MessageUI.framework in Frameworks */ = {isa = PBXBuildFile; fileRef = C9BE732C2F9B16F50064E1E8 /* MessageUI.framework */; };
/* End PBXBuildFile section */

/* Begin PBXContainerItemProxy section */
		2152949E2F9707BC00AD5B58 /* PBXContainerItemProxy */ = {
			isa = PBXContainerItemProxy;
			containerPortal = 215294882F9707B800AD5B58 /* Project object */;
			proxyType = 1;
			remoteGlobalIDString = 2152948F2F9707B800AD5B58;
			remoteInfo = Eta;
		};
		215294A82F9707BC00AD5B58 /* PBXContainerItemProxy */ = {
			isa = PBXContainerItemProxy;
			containerPortal = 215294882F9707B800AD5B58 /* Project object */;
			proxyType = 1;
			remoteGlobalIDString = 2152948F2F9707B800AD5B58;
			remoteInfo = Eta;
		};
		2FF491562FA646BE00F5BAB8 /* PBXContainerItemProxy */ = {
			isa = PBXContainerItemProxy;
			containerPortal = 215294882F9707B800AD5B58 /* Project object */;
			proxyType = 1;
			remoteGlobalIDString = 2FF491492FA646BD00F5BAB8;
			remoteInfo = "ETA-imessage-extension";
		};
/* End PBXContainerItemProxy section */

/* Begin PBXCopyFilesBuildPhase section */
		2FF491592FA646BE00F5BAB8 /* Embed Foundation Extensions */ = {
			isa = PBXCopyFilesBuildPhase;
			buildActionMask = 2147483647;
			dstPath = "";
			dstSubfolderSpec = 13;
			files = (
				2FF491582FA646BE00F5BAB8 /* ETA-imessage-extension.appex in Embed Foundation Extensions */,
			);
			name = "Embed Foundation Extensions";
			runOnlyForDeploymentPostprocessing = 0;
		};
/* End PBXCopyFilesBuildPhase section */

/* Begin PBXFileReference section */
		215294902F9707B800AD5B58 /* Eta.app */ = {isa = PBXFileReference; explicitFileType = wrapper.application; includeInIndex = 0; path = Eta.app; sourceTree = BUILT_PRODUCTS_DIR; };
		2152949D2F9707BC00AD5B58 /* EtaTests.xctest */ = {isa = PBXFileReference; explicitFileType = wrapper.cfbundle; includeInIndex = 0; path = EtaTests.xctest; sourceTree = BUILT_PRODUCTS_DIR; };
		215294A72F9707BC00AD5B58 /* EtaUITests.xctest */ = {isa = PBXFileReference; explicitFileType = wrapper.cfbundle; includeInIndex = 0; path = EtaUITests.xctest; sourceTree = BUILT_PRODUCTS_DIR; };
		21791F112F9A19F900F9004A /* Eta.xcodeproj */ = {isa = PBXFileReference; lastKnownFileType = "wrapper.pb-project"; path = Eta.xcodeproj; sourceTree = "<group>"; };
		2FF4914A2FA646BD00F5BAB8 /* ETA-imessage-extension.appex */ = {isa = PBXFileReference; explicitFileType = "wrapper.app-extension"; includeInIndex = 0; path = "ETA-imessage-extension.appex"; sourceTree = BUILT_PRODUCTS_DIR; };
		2FF4914B2FA646BD00F5BAB8 /* Messages.framework */ = {isa = PBXFileReference; lastKnownFileType = wrapper.framework; name = Messages.framework; path = System/Library/Frameworks/Messages.framework; sourceTree = SDKROOT; };
		C9BE732C2F9B16F50064E1E8 /* MessageUI.framework */ = {isa = PBXFileReference; lastKnownFileType = wrapper.framework; name = MessageUI.framework; path = System/Library/Frameworks/MessageUI.framework; sourceTree = SDKROOT; };
/* End PBXFileReference section */

/* Begin PBXFileSystemSynchronizedBuildFileExceptionSet section */
		21AE014D2FB13C350046F917 /* Exceptions for "Eta" folder in "Eta" target */ = {
			isa = PBXFileSystemSynchronizedBuildFileExceptionSet;
			membershipExceptions = (
				Info.plist,
			);
			target = 2152948F2F9707B800AD5B58 /* Eta */;
		};
		2FF491652FA646BE00F5BAB8 /* Exceptions for "ETA-imessage-extension" folder in "ETA-imessage-extension" target */ = {
			isa = PBXFileSystemSynchronizedBuildFileExceptionSet;
			membershipExceptions = (
				Info.plist,
			);
			target = 2FF491492FA646BD00F5BAB8 /* ETA-imessage-extension */;
		};
/* End PBXFileSystemSynchronizedBuildFileExceptionSet section */

/* Begin PBXFileSystemSynchronizedRootGroup section */
		215294922F9707B800AD5B58 /* Eta */ = {
			isa = PBXFileSystemSynchronizedRootGroup;
			exceptions = (
				21AE014D2FB13C350046F917 /* Exceptions for "Eta" folder in "Eta" target */,
			);
			path = Eta;
			sourceTree = "<group>";
		};
		215294A02F9707BC00AD5B58 /* EtaTests */ = {
			isa = PBXFileSystemSynchronizedRootGroup;
			path = EtaTests;
			sourceTree = "<group>";
		};
		215294AA2F9707BC00AD5B58 /* EtaUITests */ = {
			isa = PBXFileSystemSynchronizedRootGroup;
			path = EtaUITests;
			sourceTree = "<group>";
		};
		2FF491642FA7D97600F5BAB8 /* ETA-imessage-extension */ = {
			isa = PBXFileSystemSynchronizedRootGroup;
			exceptions = (
				2FF491652FA646BE00F5BAB8 /* Exceptions for "ETA-imessage-extension" folder in "ETA-imessage-extension" target */,
			);
			path = "ETA-imessage-extension";
			sourceTree = "<group>";
		};
/* End PBXFileSystemSynchronizedRootGroup section */

/* Begin PBXFrameworksBuildPhase section */
		2152948D2F9707B800AD5B58 /* Frameworks */ = {
			isa = PBXFrameworksBuildPhase;
			buildActionMask = 2147483647;
			files = (
				C9BE732D2F9B16F50064E1E8 /* MessageUI.framework in Frameworks */,
			);
			runOnlyForDeploymentPostprocessing = 0;
		};
		2152949A2F9707BC00AD5B58 /* Frameworks */ = {
			isa = PBXFrameworksBuildPhase;
			buildActionMask = 2147483647;
			files = (
			);
			runOnlyForDeploymentPostprocessing = 0;
		};
		215294A42F9707BC00AD5B58 /* Frameworks */ = {
			isa = PBXFrameworksBuildPhase;
			buildActionMask = 2147483647;
			files = (
			);
			runOnlyForDeploymentPostprocessing = 0;
		};
		2FF491472FA646BD00F5BAB8 /* Frameworks */ = {
			isa = PBXFrameworksBuildPhase;
			buildActionMask = 2147483647;
			files = (
				2FF4914C2FA646BD00F5BAB8 /* Messages.framework in Frameworks */,
			);
			runOnlyForDeploymentPostprocessing = 0;
		};
/* End PBXFrameworksBuildPhase section */

/* Begin PBXGroup section */
		215294872F9707B800AD5B58 = {
			isa = PBXGroup;
			children = (
				215294922F9707B800AD5B58 /* Eta */,
				215294A02F9707BC00AD5B58 /* EtaTests */,
				215294AA2F9707BC00AD5B58 /* EtaUITests */,
				2FF491642FA7D97600F5BAB8 /* ETA-imessage-extension */,
				C9BE732B2F9B16F50064E1E8 /* Frameworks */,
				215294912F9707B800AD5B58 /* Products */,
			);
			sourceTree = "<group>";
		};
		215294912F9707B800AD5B58 /* Products */ = {
			isa = PBXGroup;
			children = (
				215294902F9707B800AD5B58 /* Eta.app */,
				2152949D2F9707BC00AD5B58 /* EtaTests.xctest */,
				215294A72F9707BC00AD5B58 /* EtaUITests.xctest */,
				2FF4914A2FA646BD00F5BAB8 /* ETA-imessage-extension.appex */,
			);
			name = Products;
			sourceTree = "<group>";
		};
		21791F132F9A19F900F9004A /* Products */ = {
			isa = PBXGroup;
			name = Products;
			sourceTree = "<group>";
		};
		C9BE732B2F9B16F50064E1E8 /* Frameworks */ = {
			isa = PBXGroup;
			children = (
				C9BE732C2F9B16F50064E1E8 /* MessageUI.framework */,
				2FF4914B2FA646BD00F5BAB8 /* Messages.framework */,
			);
			name = Frameworks;
			sourceTree = "<group>";
		};
/* End PBXGroup section */

/* Begin PBXNativeTarget section */
		2152948F2F9707B800AD5B58 /* Eta */ = {
			isa = PBXNativeTarget;
			buildConfigurationList = 215294B12F9707BC00AD5B58 /* Build configuration list for PBXNativeTarget "Eta" */;
			buildPhases = (
				2152948C2F9707B800AD5B58 /* Sources */,
				2152948D2F9707B800AD5B58 /* Frameworks */,
				2152948E2F9707B800AD5B58 /* Resources */,
				2FF491592FA646BE00F5BAB8 /* Embed Foundation Extensions */,
			);
			buildRules = (
			);
			dependencies = (
				2FF491572FA646BE00F5BAB8 /* PBXTargetDependency */,
			);
			fileSystemSynchronizedGroups = (
				215294922F9707B800AD5B58 /* Eta */,
			);
			name = Eta;
			packageProductDependencies = (
			);
			productName = Eta;
			productReference = 215294902F9707B800AD5B58 /* Eta.app */;
			productType = "com.apple.product-type.application";
		};
		2152949C2F9707BC00AD5B58 /* EtaTests */ = {
			isa = PBXNativeTarget;
			buildConfigurationList = 215294B42F9707BC00AD5B58 /* Build configuration list for PBXNativeTarget "EtaTests" */;
			buildPhases = (
				215294992F9707BC00AD5B58 /* Sources */,
				2152949A2F9707BC00AD5B58 /* Frameworks */,
				2152949B2F9707BC00AD5B58 /* Resources */,
			);
			buildRules = (
			);
			dependencies = (
				2152949F2F9707BC00AD5B58 /* PBXTargetDependency */,
			);
			fileSystemSynchronizedGroups = (
				215294A02F9707BC00AD5B58 /* EtaTests */,
			);
			name = EtaTests;
			packageProductDependencies = (
			);
			productName = EtaTests;
			productReference = 2152949D2F9707BC00AD5B58 /* EtaTests.xctest */;
			productType = "com.apple.product-type.bundle.unit-test";
		};
		215294A62F9707BC00AD5B58 /* EtaUITests */ = {
			isa = PBXNativeTarget;
			buildConfigurationList = 215294B72F9707BC00AD5B58 /* Build configuration list for PBXNativeTarget "EtaUITests" */;
			buildPhases = (
				215294A32F9707BC00AD5B58 /* Sources */,
				215294A42F9707BC00AD5B58 /* Frameworks */,
				215294A52F9707BC00AD5B58 /* Resources */,
			);
			buildRules = (
			);
			dependencies = (
				215294A92F9707BC00AD5B58 /* PBXTargetDependency */,
			);
			fileSystemSynchronizedGroups = (
				215294AA2F9707BC00AD5B58 /* EtaUITests */,
			);
			name = EtaUITests;
			packageProductDependencies = (
			);
			productName = EtaUITests;
			productReference = 215294A72F9707BC00AD5B58 /* EtaUITests.xctest */;
			productType = "com.apple.product-type.bundle.ui-testing";
		};
		2FF491492FA646BD00F5BAB8 /* ETA-imessage-extension */ = {
			isa = PBXNativeTarget;
			buildConfigurationList = 2FF4915D2FA646BE00F5BAB8 /* Build configuration list for PBXNativeTarget "ETA-imessage-extension" */;
			buildPhases = (
				2FF491462FA646BD00F5BAB8 /* Sources */,
				2FF491472FA646BD00F5BAB8 /* Frameworks */,
				2FF491482FA646BD00F5BAB8 /* Resources */,
			);
			buildRules = (
			);
			dependencies = (
			);
			fileSystemSynchronizedGroups = (
				2FF491642FA7D97600F5BAB8 /* ETA-imessage-extension */,
			);
			name = "ETA-imessage-extension";
			packageProductDependencies = (
			);
			productName = "ETA-imessage-extension";
			productReference = 2FF4914A2FA646BD00F5BAB8 /* ETA-imessage-extension.appex */;
			productType = "com.apple.product-type.app-extension.messages";
		};
/* End PBXNativeTarget section */

/* Begin PBXProject section */
		215294882F9707B800AD5B58 /* Project object */ = {
			isa = PBXProject;
			attributes = {
				BuildIndependentTargetsInParallel = 1;
				LastSwiftUpdateCheck = 2640;
				LastUpgradeCheck = 2640;
				TargetAttributes = {
					2152948F2F9707B800AD5B58 = {
						CreatedOnToolsVersion = 26.4.1;
					};
					2152949C2F9707BC00AD5B58 = {
						CreatedOnToolsVersion = 26.4.1;
						TestTargetID = 2152948F2F9707B800AD5B58;
					};
					215294A62F9707BC00AD5B58 = {
						CreatedOnToolsVersion = 26.4.1;
						TestTargetID = 2152948F2F9707B800AD5B58;
					};
					2FF491492FA646BD00F5BAB8 = {
						CreatedOnToolsVersion = 26.4.1;
					};
				};
			};
			buildConfigurationList = 2152948B2F9707B800AD5B58 /* Build configuration list for PBXProject "Eta" */;
			developmentRegion = en;
			hasScannedForEncodings = 0;
			knownRegions = (
				en,
				Base,
			);
			mainGroup = 215294872F9707B800AD5B58;
			minimizedProjectReferenceProxies = 1;
			preferredProjectObjectVersion = 77;
			productRefGroup = 215294912F9707B800AD5B58 /* Products */;
			projectDirPath = "";
			projectReferences = (
				{
					ProductGroup = 21791F132F9A19F900F9004A /* Products */;
					ProjectRef = 21791F112F9A19F900F9004A /* Eta.xcodeproj */;
				},
			);
			projectRoot = "";
			targets = (
				2152948F2F9707B800AD5B58 /* Eta */,
				2152949C2F9707BC00AD5B58 /* EtaTests */,
				215294A62F9707BC00AD5B58 /* EtaUITests */,
				2FF491492FA646BD00F5BAB8 /* ETA-imessage-extension */,
			);
		};
/* End PBXProject section */

/* Begin PBXResourcesBuildPhase section */
		2152948E2F9707B800AD5B58 /* Resources */ = {
			isa = PBXResourcesBuildPhase;
			buildActionMask = 2147483647;
			files = (
			);
			runOnlyForDeploymentPostprocessing = 0;
		};
		2152949B2F9707BC00AD5B58 /* Resources */ = {
			isa = PBXResourcesBuildPhase;
			buildActionMask = 2147483647;
			files = (
			);
			runOnlyForDeploymentPostprocessing = 0;
		};
		215294A52F9707BC00AD5B58 /* Resources */ = {
			isa = PBXResourcesBuildPhase;
			buildActionMask = 2147483647;
			files = (
			);
			runOnlyForDeploymentPostprocessing = 0;
		};
		2FF491482FA646BD00F5BAB8 /* Resources */ = {
			isa = PBXResourcesBuildPhase;
			buildActionMask = 2147483647;
			files = (
			);
			runOnlyForDeploymentPostprocessing = 0;
		};
/* End PBXResourcesBuildPhase section */

/* Begin PBXSourcesBuildPhase section */
		2152948C2F9707B800AD5B58 /* Sources */ = {
			isa = PBXSourcesBuildPhase;
			buildActionMask = 2147483647;
			files = (
			);
			runOnlyForDeploymentPostprocessing = 0;
		};
		215294992F9707BC00AD5B58 /* Sources */ = {
			isa = PBXSourcesBuildPhase;
			buildActionMask = 2147483647;
			files = (
			);
			runOnlyForDeploymentPostprocessing = 0;
		};
		215294A32F9707BC00AD5B58 /* Sources */ = {
			isa = PBXSourcesBuildPhase;
			buildActionMask = 2147483647;
			files = (
			);
			runOnlyForDeploymentPostprocessing = 0;
		};
		2FF491462FA646BD00F5BAB8 /* Sources */ = {
			isa = PBXSourcesBuildPhase;
			buildActionMask = 2147483647;
			files = (
			);
			runOnlyForDeploymentPostprocessing = 0;
		};
/* End PBXSourcesBuildPhase section */

/* Begin PBXTargetDependency section */
		2152949F2F9707BC00AD5B58 /* PBXTargetDependency */ = {
			isa = PBXTargetDependency;
			target = 2152948F2F9707B800AD5B58 /* Eta */;
			targetProxy = 2152949E2F9707BC00AD5B58 /* PBXContainerItemProxy */;
		};
		215294A92F9707BC00AD5B58 /* PBXTargetDependency */ = {
			isa = PBXTargetDependency;
			target = 2152948F2F9707B800AD5B58 /* Eta */;
			targetProxy = 215294A82F9707BC00AD5B58 /* PBXContainerItemProxy */;
		};
		2FF491572FA646BE00F5BAB8 /* PBXTargetDependency */ = {
			isa = PBXTargetDependency;
			target = 2FF491492FA646BD00F5BAB8 /* ETA-imessage-extension */;
			targetProxy = 2FF491562FA646BE00F5BAB8 /* PBXContainerItemProxy */;
		};
/* End PBXTargetDependency section */

/* Begin XCBuildConfiguration section */
		215294AF2F9707BC00AD5B58 /* Debug */ = {
			isa = XCBuildConfiguration;
			baseConfigurationReferenceAnchor = 215294922F9707B800AD5B58 /* Eta */;
			baseConfigurationReferenceRelativePath = Config.xcconfig;
			buildSettings = {
				ALWAYS_SEARCH_USER_PATHS = NO;
				ASSETCATALOG_COMPILER_GENERATE_SWIFT_ASSET_SYMBOL_EXTENSIONS = YES;
				CLANG_ANALYZER_NONNULL = YES;
				CLANG_ANALYZER_NUMBER_OBJECT_CONVERSION = YES_AGGRESSIVE;
				CLANG_CXX_LANGUAGE_STANDARD = "gnu++20";
				CLANG_ENABLE_MODULES = YES;
				CLANG_ENABLE_OBJC_ARC = YES;
				CLANG_ENABLE_OBJC_WEAK = YES;
				CLANG_WARN_BLOCK_CAPTURE_AUTORELEASING = YES;
				CLANG_WARN_BOOL_CONVERSION = YES;
				CLANG_WARN_COMMA = YES;
				CLANG_WARN_CONSTANT_CONVERSION = YES;
				CLANG_WARN_DEPRECATED_OBJC_IMPLEMENTATIONS = YES;
				CLANG_WARN_DIRECT_OBJC_ISA_USAGE = YES_ERROR;
				CLANG_WARN_DOCUMENTATION_COMMENTS = YES;
				CLANG_WARN_EMPTY_BODY = YES;
				CLANG_WARN_ENUM_CONVERSION = YES;
				CLANG_WARN_INFINITE_RECURSION = YES;
				CLANG_WARN_INT_CONVERSION = YES;
				CLANG_WARN_NON_LITERAL_NULL_CONVERSION = YES;
				CLANG_WARN_OBJC_IMPLICIT_RETAIN_SELF = YES;
				CLANG_WARN_OBJC_LITERAL_CONVERSION = YES;
				CLANG_WARN_OBJC_ROOT_CLASS = YES_ERROR;
				CLANG_WARN_QUOTED_INCLUDE_IN_FRAMEWORK_HEADER = YES;
				CLANG_WARN_RANGE_LOOP_ANALYSIS = YES;
				CLANG_WARN_STRICT_PROTOTYPES = YES;
				CLANG_WARN_SUSPICIOUS_MOVE = YES;
				CLANG_WARN_UNGUARDED_AVAILABILITY = YES_AGGRESSIVE;
				CLANG_WARN_UNREACHABLE_CODE = YES;
				CLANG_WARN__DUPLICATE_METHOD_MATCH = YES;
				COPY_PHASE_STRIP = NO;
				DEBUG_INFORMATION_FORMAT = dwarf;
				ENABLE_STRICT_OBJC_MSGSEND = YES;
				ENABLE_TESTABILITY = YES;
				ENABLE_USER_SCRIPT_SANDBOXING = YES;
				GCC_C_LANGUAGE_STANDARD = gnu17;
				GCC_DYNAMIC_NO_PIC = NO;
				GCC_NO_COMMON_BLOCKS = YES;
				GCC_OPTIMIZATION_LEVEL = 0;
				GCC_PREPROCESSOR_DEFINITIONS = (
					"DEBUG=1",
					"$(inherited)",
				);
				GCC_WARN_64_TO_32_BIT_CONVERSION = YES;
				GCC_WARN_ABOUT_RETURN_TYPE = YES_ERROR;
				GCC_WARN_UNDECLARED_SELECTOR = YES;
				GCC_WARN_UNINITIALIZED_AUTOS = YES_AGGRESSIVE;
				GCC_WARN_UNUSED_FUNCTION = YES;
				GCC_WARN_UNUSED_VARIABLE = YES;
				IPHONEOS_DEPLOYMENT_TARGET = 26.4;
				LOCALIZATION_PREFERS_STRING_CATALOGS = YES;
				MTL_ENABLE_DEBUG_INFO = INCLUDE_SOURCE;
				MTL_FAST_MATH = YES;
				ONLY_ACTIVE_ARCH = YES;
				SDKROOT = iphoneos;
				SWIFT_ACTIVE_COMPILATION_CONDITIONS = "DEBUG $(inherited)";
				SWIFT_OPTIMIZATION_LEVEL = "-Onone";
			};
			name = Debug;
		};
		215294B02F9707BC00AD5B58 /* Release */ = {
			isa = XCBuildConfiguration;
			baseConfigurationReferenceAnchor = 215294922F9707B800AD5B58 /* Eta */;
			baseConfigurationReferenceRelativePath = Config.xcconfig;
			buildSettings = {
				ALWAYS_SEARCH_USER_PATHS = NO;
				ASSETCATALOG_COMPILER_GENERATE_SWIFT_ASSET_SYMBOL_EXTENSIONS = YES;
				CLANG_ANALYZER_NONNULL = YES;
				CLANG_ANALYZER_NUMBER_OBJECT_CONVERSION = YES_AGGRESSIVE;
				CLANG_CXX_LANGUAGE_STANDARD = "gnu++20";
				CLANG_ENABLE_MODULES = YES;
				CLANG_ENABLE_OBJC_ARC = YES;
				CLANG_ENABLE_OBJC_WEAK = YES;
				CLANG_WARN_BLOCK_CAPTURE_AUTORELEASING = YES;
				CLANG_WARN_BOOL_CONVERSION = YES;
				CLANG_WARN_COMMA = YES;
				CLANG_WARN_CONSTANT_CONVERSION = YES;
				CLANG_WARN_DEPRECATED_OBJC_IMPLEMENTATIONS = YES;
				CLANG_WARN_DIRECT_OBJC_ISA_USAGE = YES_ERROR;
				CLANG_WARN_DOCUMENTATION_COMMENTS = YES;
				CLANG_WARN_EMPTY_BODY = YES;
				CLANG_WARN_ENUM_CONVERSION = YES;
				CLANG_WARN_INFINITE_RECURSION = YES;
				CLANG_WARN_INT_CONVERSION = YES;
				CLANG_WARN_NON_LITERAL_NULL_CONVERSION = YES;
				CLANG_WARN_OBJC_IMPLICIT_RETAIN_SELF = YES;
				CLANG_WARN_OBJC_LITERAL_CONVERSION = YES;
				CLANG_WARN_OBJC_ROOT_CLASS = YES_ERROR;
				CLANG_WARN_QUOTED_INCLUDE_IN_FRAMEWORK_HEADER = YES;
				CLANG_WARN_RANGE_LOOP_ANALYSIS = YES;
				CLANG_WARN_STRICT_PROTOTYPES = YES;
				CLANG_WARN_SUSPICIOUS_MOVE = YES;
				CLANG_WARN_UNGUARDED_AVAILABILITY = YES_AGGRESSIVE;
				CLANG_WARN_UNREACHABLE_CODE = YES;
				CLANG_WARN__DUPLICATE_METHOD_MATCH = YES;
				COPY_PHASE_STRIP = NO;
				DEBUG_INFORMATION_FORMAT = "dwarf-with-dsym";
				ENABLE_NS_ASSERTIONS = NO;
				ENABLE_STRICT_OBJC_MSGSEND = YES;
				ENABLE_USER_SCRIPT_SANDBOXING = YES;
				GCC_C_LANGUAGE_STANDARD = gnu17;
				GCC_NO_COMMON_BLOCKS = YES;
				GCC_WARN_64_TO_32_BIT_CONVERSION = YES;
				GCC_WARN_ABOUT_RETURN_TYPE = YES_ERROR;
				GCC_WARN_UNDECLARED_SELECTOR = YES;
				GCC_WARN_UNINITIALIZED_AUTOS = YES_AGGRESSIVE;
				GCC_WARN_UNUSED_FUNCTION = YES;
				GCC_WARN_UNUSED_VARIABLE = YES;
				IPHONEOS_DEPLOYMENT_TARGET = 26.4;
				LOCALIZATION_PREFERS_STRING_CATALOGS = YES;
				MTL_ENABLE_DEBUG_INFO = NO;
				MTL_FAST_MATH = YES;
				SDKROOT = iphoneos;
				SWIFT_COMPILATION_MODE = wholemodule;
				VALIDATE_PRODUCT = YES;
			};
			name = Release;
		};
		215294B22F9707BC00AD5B58 /* Debug */ = {
			isa = XCBuildConfiguration;
			buildSettings = {
				ASSETCATALOG_COMPILER_APPICON_NAME = AppIcon;
				ASSETCATALOG_COMPILER_GLOBAL_ACCENT_COLOR_NAME = AccentColor;
				CODE_SIGN_STYLE = Automatic;
				CURRENT_PROJECT_VERSION = 1;
				DEVELOPMENT_TEAM = 7J8CQ3HU62;
				ENABLE_PREVIEWS = YES;
				GENERATE_INFOPLIST_FILE = YES;
				INFOPLIST_FILE = Eta/Info.plist;
				INFOPLIST_KEY_NSCalendarsFullAccessUsageDescription = "Eta uses your calendar to find when you've hung out with friends.";
				INFOPLIST_KEY_NSCameraUsageDescription = "Eta uses your camera to capture memories from your hangouts.";
				INFOPLIST_KEY_NSContactsUsageDescription = "Eta uses your contacts to let you search for friends by name. Contact data stays on your device.";
				INFOPLIST_KEY_UIApplicationSceneManifest_Generation = YES;
				INFOPLIST_KEY_UIApplicationSupportsIndirectInputEvents = YES;
				INFOPLIST_KEY_UILaunchScreen_Generation = YES;
				INFOPLIST_KEY_UISupportedInterfaceOrientations_iPad = "UIInterfaceOrientationPortrait UIInterfaceOrientationPortraitUpsideDown UIInterfaceOrientationLandscapeLeft UIInterfaceOrientationLandscapeRight";
				INFOPLIST_KEY_UISupportedInterfaceOrientations_iPhone = "UIInterfaceOrientationPortrait UIInterfaceOrientationLandscapeLeft UIInterfaceOrientationLandscapeRight";
				IPHONEOS_DEPLOYMENT_TARGET = 18.1;
				LD_RUNPATH_SEARCH_PATHS = (
					"$(inherited)",
					"@executable_path/Frameworks",
				);
				MARKETING_VERSION = 1.0;
				PRODUCT_BUNDLE_IDENTIFIER = me.Eta;
				PRODUCT_NAME = "$(TARGET_NAME)";
				STRING_CATALOG_GENERATE_SYMBOLS = YES;
				SWIFT_APPROACHABLE_CONCURRENCY = YES;
				SWIFT_DEFAULT_ACTOR_ISOLATION = MainActor;
				SWIFT_EMIT_LOC_STRINGS = YES;
				SWIFT_UPCOMING_FEATURE_MEMBER_IMPORT_VISIBILITY = YES;
				SWIFT_VERSION = 5.0;
				TARGETED_DEVICE_FAMILY = "1,2";
			};
			name = Debug;
		};
		215294B32F9707BC00AD5B58 /* Release */ = {
			isa = XCBuildConfiguration;
			buildSettings = {
				ASSETCATALOG_COMPILER_APPICON_NAME = AppIcon;
				ASSETCATALOG_COMPILER_GLOBAL_ACCENT_COLOR_NAME = AccentColor;
				CODE_SIGN_STYLE = Automatic;
				CURRENT_PROJECT_VERSION = 1;
				DEVELOPMENT_TEAM = 7J8CQ3HU62;
				ENABLE_PREVIEWS = YES;
				GENERATE_INFOPLIST_FILE = YES;
				INFOPLIST_FILE = Eta/Info.plist;
				INFOPLIST_KEY_NSCalendarsFullAccessUsageDescription = "Eta uses your calendar to find when you've hung out with friends.";
				INFOPLIST_KEY_NSCameraUsageDescription = "Eta uses your camera to capture memories from your hangouts.";
				INFOPLIST_KEY_NSContactsUsageDescription = "Eta uses your contacts to let you search for friends by name. Contact data stays on your device.";
				INFOPLIST_KEY_UIApplicationSceneManifest_Generation = YES;
				INFOPLIST_KEY_UIApplicationSupportsIndirectInputEvents = YES;
				INFOPLIST_KEY_UILaunchScreen_Generation = YES;
				INFOPLIST_KEY_UISupportedInterfaceOrientations_iPad = "UIInterfaceOrientationPortrait UIInterfaceOrientationPortraitUpsideDown UIInterfaceOrientationLandscapeLeft UIInterfaceOrientationLandscapeRight";
				INFOPLIST_KEY_UISupportedInterfaceOrientations_iPhone = "UIInterfaceOrientationPortrait UIInterfaceOrientationLandscapeLeft UIInterfaceOrientationLandscapeRight";
				IPHONEOS_DEPLOYMENT_TARGET = 18.1;
				LD_RUNPATH_SEARCH_PATHS = (
					"$(inherited)",
					"@executable_path/Frameworks",
				);
				MARKETING_VERSION = 1.0;
				PRODUCT_BUNDLE_IDENTIFIER = me.Eta;
				PRODUCT_NAME = "$(TARGET_NAME)";
				STRING_CATALOG_GENERATE_SYMBOLS = YES;
				SWIFT_APPROACHABLE_CONCURRENCY = YES;
				SWIFT_DEFAULT_ACTOR_ISOLATION = MainActor;
				SWIFT_EMIT_LOC_STRINGS = YES;
				SWIFT_UPCOMING_FEATURE_MEMBER_IMPORT_VISIBILITY = YES;
				SWIFT_VERSION = 5.0;
				TARGETED_DEVICE_FAMILY = "1,2";
			};
			name = Release;
		};
		215294B52F9707BC00AD5B58 /* Debug */ = {
			isa = XCBuildConfiguration;
			buildSettings = {
				BUNDLE_LOADER = "$(TEST_HOST)";
				CODE_SIGN_STYLE = Automatic;
				CURRENT_PROJECT_VERSION = 1;
				DEVELOPMENT_TEAM = 7J8CQ3HU62;
				GENERATE_INFOPLIST_FILE = YES;
				IPHONEOS_DEPLOYMENT_TARGET = 26.4;
				MARKETING_VERSION = 1.0;
				PRODUCT_BUNDLE_IDENTIFIER = me.EtaTests;
				PRODUCT_NAME = "$(TARGET_NAME)";
				STRING_CATALOG_GENERATE_SYMBOLS = NO;
				SWIFT_APPROACHABLE_CONCURRENCY = YES;
				SWIFT_EMIT_LOC_STRINGS = NO;
				SWIFT_UPCOMING_FEATURE_MEMBER_IMPORT_VISIBILITY = YES;
				SWIFT_VERSION = 5.0;
				TARGETED_DEVICE_FAMILY = "1,2";
				TEST_HOST = "$(BUILT_PRODUCTS_DIR)/Eta.app/$(BUNDLE_EXECUTABLE_FOLDER_PATH)/Eta";
			};
			name = Debug;
		};
		215294B62F9707BC00AD5B58 /* Release */ = {
			isa = XCBuildConfiguration;
			buildSettings = {
				BUNDLE_LOADER = "$(TEST_HOST)";
				CODE_SIGN_STYLE = Automatic;
				CURRENT_PROJECT_VERSION = 1;
				DEVELOPMENT_TEAM = 7J8CQ3HU62;
				GENERATE_INFOPLIST_FILE = YES;
				IPHONEOS_DEPLOYMENT_TARGET = 26.4;
				MARKETING_VERSION = 1.0;
				PRODUCT_BUNDLE_IDENTIFIER = me.EtaTests;
				PRODUCT_NAME = "$(TARGET_NAME)";
				STRING_CATALOG_GENERATE_SYMBOLS = NO;
				SWIFT_APPROACHABLE_CONCURRENCY = YES;
				SWIFT_EMIT_LOC_STRINGS = NO;
				SWIFT_UPCOMING_FEATURE_MEMBER_IMPORT_VISIBILITY = YES;
				SWIFT_VERSION = 5.0;
				TARGETED_DEVICE_FAMILY = "1,2";
				TEST_HOST = "$(BUILT_PRODUCTS_DIR)/Eta.app/$(BUNDLE_EXECUTABLE_FOLDER_PATH)/Eta";
			};
			name = Release;
		};
		215294B82F9707BC00AD5B58 /* Debug */ = {
			isa = XCBuildConfiguration;
			buildSettings = {
				CODE_SIGN_STYLE = Automatic;
				CURRENT_PROJECT_VERSION = 1;
				DEVELOPMENT_TEAM = 7J8CQ3HU62;
				GENERATE_INFOPLIST_FILE = YES;
				MARKETING_VERSION = 1.0;
				PRODUCT_BUNDLE_IDENTIFIER = me.EtaUITests;
				PRODUCT_NAME = "$(TARGET_NAME)";
				STRING_CATALOG_GENERATE_SYMBOLS = NO;
				SWIFT_APPROACHABLE_CONCURRENCY = YES;
				SWIFT_EMIT_LOC_STRINGS = NO;
				SWIFT_UPCOMING_FEATURE_MEMBER_IMPORT_VISIBILITY = YES;
				SWIFT_VERSION = 5.0;
				TARGETED_DEVICE_FAMILY = "1,2";
				TEST_TARGET_NAME = Eta;
			};
			name = Debug;
		};
		215294B92F9707BC00AD5B58 /* Release */ = {
			isa = XCBuildConfiguration;
			buildSettings = {
				CODE_SIGN_STYLE = Automatic;
				CURRENT_PROJECT_VERSION = 1;
				DEVELOPMENT_TEAM = 7J8CQ3HU62;
				GENERATE_INFOPLIST_FILE = YES;
				MARKETING_VERSION = 1.0;
				PRODUCT_BUNDLE_IDENTIFIER = me.EtaUITests;
				PRODUCT_NAME = "$(TARGET_NAME)";
				STRING_CATALOG_GENERATE_SYMBOLS = NO;
				SWIFT_APPROACHABLE_CONCURRENCY = YES;
				SWIFT_EMIT_LOC_STRINGS = NO;
				SWIFT_UPCOMING_FEATURE_MEMBER_IMPORT_VISIBILITY = YES;
				SWIFT_VERSION = 5.0;
				TARGETED_DEVICE_FAMILY = "1,2";
				TEST_TARGET_NAME = Eta;
			};
			name = Release;
		};
		2FF4915A2FA646BE00F5BAB8 /* Debug */ = {
			isa = XCBuildConfiguration;
			buildSettings = {
				ASSETCATALOG_COMPILER_APPICON_NAME = "iMessage App Icon";
				CODE_SIGN_STYLE = Automatic;
				CURRENT_PROJECT_VERSION = 1;
				DEVELOPMENT_TEAM = 7J8CQ3HU62;
				GENERATE_INFOPLIST_FILE = YES;
				INFOPLIST_FILE = "Eta-imessage-extension/Info.plist";
				INFOPLIST_KEY_CFBundleDisplayName = "Eta Invites";
				INFOPLIST_KEY_NSHumanReadableCopyright = "";
				IPHONEOS_DEPLOYMENT_TARGET = 18.1;
				LD_RUNPATH_SEARCH_PATHS = (
					"$(inherited)",
					"@executable_path/Frameworks",
					"@executable_path/../../Frameworks",
				);
				MARKETING_VERSION = 1.0;
				PRODUCT_BUNDLE_IDENTIFIER = "me.Eta.imessage-extension";
				PRODUCT_NAME = "$(TARGET_NAME)";
				SKIP_INSTALL = YES;
				STRING_CATALOG_GENERATE_SYMBOLS = YES;
				SWIFT_APPROACHABLE_CONCURRENCY = YES;
				SWIFT_EMIT_LOC_STRINGS = YES;
				SWIFT_UPCOMING_FEATURE_MEMBER_IMPORT_VISIBILITY = YES;
				SWIFT_VERSION = 5.0;
				TARGETED_DEVICE_FAMILY = "1,2";
			};
			name = Debug;
		};
		2FF4915B2FA646BE00F5BAB8 /* Release */ = {
			isa = XCBuildConfiguration;
			buildSettings = {
				ASSETCATALOG_COMPILER_APPICON_NAME = "iMessage App Icon";
				CODE_SIGN_STYLE = Automatic;
				CURRENT_PROJECT_VERSION = 1;
				DEVELOPMENT_TEAM = 7J8CQ3HU62;
				GENERATE_INFOPLIST_FILE = YES;
				INFOPLIST_FILE = "Eta-imessage-extension/Info.plist";
				INFOPLIST_KEY_CFBundleDisplayName = "Eta Invites";
				INFOPLIST_KEY_NSHumanReadableCopyright = "";
				IPHONEOS_DEPLOYMENT_TARGET = 18.1;
				LD_RUNPATH_SEARCH_PATHS = (
					"$(inherited)",
					"@executable_path/Frameworks",
					"@executable_path/../../Frameworks",
				);
				MARKETING_VERSION = 1.0;
				PRODUCT_BUNDLE_IDENTIFIER = "me.Eta.imessage-extension";
				PRODUCT_NAME = "$(TARGET_NAME)";
				SKIP_INSTALL = YES;
				STRING_CATALOG_GENERATE_SYMBOLS = YES;
				SWIFT_APPROACHABLE_CONCURRENCY = YES;
				SWIFT_EMIT_LOC_STRINGS = YES;
				SWIFT_UPCOMING_FEATURE_MEMBER_IMPORT_VISIBILITY = YES;
				SWIFT_VERSION = 5.0;
				TARGETED_DEVICE_FAMILY = "1,2";
			};
			name = Release;
		};
/* End XCBuildConfiguration section */

/* Begin XCConfigurationList section */
		2152948B2F9707B800AD5B58 /* Build configuration list for PBXProject "Eta" */ = {
			isa = XCConfigurationList;
			buildConfigurations = (
				215294AF2F9707BC00AD5B58 /* Debug */,
				215294B02F9707BC00AD5B58 /* Release */,
			);
			defaultConfigurationIsVisible = 0;
			defaultConfigurationName = Release;
		};
		215294B12F9707BC00AD5B58 /* Build configuration list for PBXNativeTarget "Eta" */ = {
			isa = XCConfigurationList;
			buildConfigurations = (
				215294B22F9707BC00AD5B58 /* Debug */,
				215294B32F9707BC00AD5B58 /* Release */,
			);
			defaultConfigurationIsVisible = 0;
			defaultConfigurationName = Release;
		};
		215294B42F9707BC00AD5B58 /* Build configuration list for PBXNativeTarget "EtaTests" */ = {
			isa = XCConfigurationList;
			buildConfigurations = (
				215294B52F9707BC00AD5B58 /* Debug */,
				215294B62F9707BC00AD5B58 /* Release */,
			);
			defaultConfigurationIsVisible = 0;
			defaultConfigurationName = Release;
		};
		215294B72F9707BC00AD5B58 /* Build configuration list for PBXNativeTarget "EtaUITests" */ = {
			isa = XCConfigurationList;
			buildConfigurations = (
				215294B82F9707BC00AD5B58 /* Debug */,
				215294B92F9707BC00AD5B58 /* Release */,
			);
			defaultConfigurationIsVisible = 0;
			defaultConfigurationName = Release;
		};
		2FF4915D2FA646BE00F5BAB8 /* Build configuration list for PBXNativeTarget "ETA-imessage-extension" */ = {
			isa = XCConfigurationList;
			buildConfigurations = (
				2FF4915A2FA646BE00F5BAB8 /* Debug */,
				2FF4915B2FA646BE00F5BAB8 /* Release */,
			);
			defaultConfigurationIsVisible = 0;
			defaultConfigurationName = Release;
		};
/* End XCConfigurationList section */
	};
	rootObject = 215294882F9707B800AD5B58 /* Project object */;
}
